
Microsoft Visual Studio Solution File, Format Version 12.00
# Visual Studio Version 16
VisualStudioVersion = 16.0.30114.105
MinimumVisualStudioVersion = 10.0.40219.1
Project("{FAE04EC0-301F-11D3-BF4B-00C04F79EFBC}") = "Tapper.Model", "Model\Tapper.Model.csproj", "{F2D247C2-26FA-4871-A9B0-C52AD8C56FC3}"
EndProject
Project("{FAE04EC0-301F-11D3-BF4B-00C04F79EFBC}") = "Tapper.View", "View\Tapper.View.csproj", "{3AB46F37-4DB5-4BC8-977C-8DBEE3D7805E}"
EndProject
Global
	GlobalSection(SolutionConfigurationPlatforms) = preSolution
		Debug|Any CPU = Debug|Any CPU
		Release|Any CPU = Release|Any CPU
	EndGlobalSection
	GlobalSection(SolutionProperties) = preSolution
		HideSolutionNode = FALSE
	EndGlobalSection
	GlobalSection(ProjectConfigurationPlatforms) = postSolution
		{F2D247C2-26FA-4871-A9B0-C52AD8C56FC3}.Debug|Any CPU.ActiveCfg = Debug|Any CPU
		{F2D247C2-26FA-4871-A9B0-C52AD8C56FC3}.Debug|Any CPU.Build.0 = Debug|Any CPU
		{F2D247C2-26FA-4871-A9B0-C52AD8C56FC3}.Release|Any CPU.ActiveCfg = Release|Any CPU
		{F2D247C2-26FA-4871-A9B0-C52AD8C56FC3}.Release|Any CPU.Build.0 = Release|Any CPU
		{3AB46F37-4DB5-4BC8-977C-8DBEE3D7805E}.Debug|Any CPU.ActiveCfg = Debug|Any CPU
		{3AB46F37-4DB5-4BC8-977C-8DBEE3D7805E}.Debug|Any CPU.Build.0 = Debug|Any CPU
		{3AB46F37-4DB5-4BC8-977C-8DBEE3D7805E}.Release|Any CPU.ActiveCfg = Release|Any CPU
		{3AB46F37-4DB5-4BC8-977C-8DBEE3D7805E}.Release|Any CPU.Build.0 = Release|Any CPU
	EndGlobalSection
EndGlobal
